// !$*UTF8*$!
{
	archiveVersion = 1;
	classes = {
	};
	objectVersion = 50;
	objects = {

/* Begin PBXBuildFile section */
		FAABF43123468C5100FCEBFF /* AppDelegate.swift in Sources */ = {isa = PBXBuildFile; fileRef = FAABF43023468C5100FCEBFF /* AppDelegate.swift */; };
		FAABF43323468C5100FCEBFF /* ProfileViewController.swift in Sources */ = {isa = PBXBuildFile; fileRef = FAABF43223468C5100FCEBFF /* ProfileViewController.swift */; };
		FAABF43623468C5100FCEBFF /* Main.storyboard in Resources */ = {isa = PBXBuildFile; fileRef = FAABF43423468C5100FCEBFF /* Main.storyboard */; };
		FAABF43823468C5300FCEBFF /* Assets.xcassets in Resources */ = {isa = PBXBuildFile; fileRef = FAABF43723468C5300FCEBFF /* Assets.xcassets */; };
		FAABF43B23468C5300FCEBFF /* LaunchScreen.storyboard in Resources */ = {isa = PBXBuildFile; fileRef = FAABF43923468C5300FCEBFF /* LaunchScreen.storyboard */; };
		FAABF4592346B25D00FCEBFF /* ProfilePhotoCell.swift in Sources */ = {isa = PBXBuildFile; fileRef = FAABF4582346B25D00FCEBFF /* ProfilePhotoCell.swift */; };
		FAABF45B2346BBE500FCEBFF /* HelperExtionsions.swift in Sources */ = {isa = PBXBuildFile; fileRef = FAABF45A2346BBE500FCEBFF /* HelperExtionsions.swift */; };
/* End PBXBuildFile section */

/* Begin PBXFileReference section */
		FAABF42D23468C5100FCEBFF /* ForceTouchesTask.app */ = {isa = PBXFileReference; explicitFileType = wrapper.application; includeInIndex = 0; path = ForceTouchesTask.app; sourceTree = BUILT_PRODUCTS_DIR; };
		FAABF43023468C5100FCEBFF /* AppDelegate.swift */ = {isa = PBXFileReference; lastKnownFileType = sourcecode.swift; path = AppDelegate.swift; sourceTree = "<group>"; };
		FAABF43223468C5100FCEBFF /* ProfileViewController.swift */ = {isa = PBXFileReference; lastKnownFileType = sourcecode.swift; path = ProfileViewController.swift; sourceTree = "<group>"; };
		FAABF43523468C5100FCEBFF /* Base */ = {isa = PBXFileReference; lastKnownFileType = file.storyboard; name = Base; path = Base.lproj/Main.storyboard; sourceTree = "<group>"; };
		FAABF43723468C5300FCEBFF /* Assets.xcassets */ = {isa = PBXFileReference; lastKnownFileType = folder.assetcatalog; path = Assets.xcassets; sourceTree = "<group>"; };
		FAABF43A23468C5300FCEBFF /* Base */ = {isa = PBXFileReference; lastKnownFileType = file.storyboard; name = Base; path = Base.lproj/LaunchScreen.storyboard; sourceTree = "<group>"; };
		FAABF43C23468C5300FCEBFF /* Info.plist */ = {isa = PBXFileReference; lastKnownFileType = text.plist.xml; path = Info.plist; sourceTree = "<group>"; };
		FAABF4582346B25D00FCEBFF /* ProfilePhotoCell.swift */ = {isa = PBXFileReference; lastKnownFileType = sourcecode.swift; path = ProfilePhotoCell.swift; sourceTree = "<group>"; };
		FAABF45A2346BBE500FCEBFF /* HelperExtionsions.swift */ = {isa = PBXFileReference; lastKnownFileType = sourcecode.swift; path = HelperExtionsions.swift; sourceTree = "<group>"; };
/* End PBXFileReference section */

/* Begin PBXFrameworksBuildPhase section */
		FAABF42A23468C5100FCEBFF /* Frameworks */ = {
			isa = PBXFrameworksBuildPhase;
			buildActionMask = 2147483647;
			files = (
			);
			runOnlyForDeploymentPostprocessing = 0;
		};
/* End PBXFrameworksBuildPhase section */

/* Begin PBXGroup section */
		FAABF42423468C5100FCEBFF = {
			isa = PBXGroup;
			children = (
				FAABF42F23468C5100FCEBFF /* ForceTouchesTask */,
				FAABF42E23468C5100FCEBFF /* Products */,
			);
			sourceTree = "<group>";
		};
		FAABF42E23468C5100FCEBFF /* Products */ = {
			isa = PBXGroup;
			children = (
				FAABF42D23468C5100FCEBFF /* ForceTouchesTask.app */,
			);
			name = Products;
			sourceTree = "<group>";
		};
		FAABF42F23468C5100FCEBFF /* ForceTouchesTask */ = {
			isa = PBXGroup;
			children = (
				FAABF43023468C5100FCEBFF /* AppDelegate.swift */,
				FAABF43223468C5100FCEBFF /* ProfileViewController.swift */,
				FAABF4582346B25D00FCEBFF /* ProfilePhotoCell.swift */,
				FAABF45A2346BBE500FCEBFF /* HelperExtionsions.swift */,
				FAABF43423468C5100FCEBFF /* Main.storyboard */,
				FAABF43723468C5300FCEBFF /* Assets.xcassets */,
				FAABF43923468C5300FCEBFF /* LaunchScreen.storyboard */,
				FAABF43C23468C5300FCEBFF /* Info.plist */,
			);
			path = ForceTouchesTask;
			sourceTree = "<group>";
		};
/* End PBXGroup section */

/* Begin PBXNativeTarget section */
		FAABF42C23468C5100FCEBFF /* ForceTouchesTask */ = {
			isa = PBXNativeTarget;
			buildConfigurationList = FAABF43F23468C5300FCEBFF /* Build configuration list for PBXNativeTarget "ForceTouchesTask" */;
			buildPhases = (
				FAABF42923468C5100FCEBFF /* Sources */,
				FAABF42A23468C5100FCEBFF /* Frameworks */,
				FAABF42B23468C5100FCEBFF /* Resources */,
			);
			buildRules = (
			);
			dependencies = (
			);
			name = ForceTouchesTask;
			productName = ForceTouchesTask;
			productReference = FAABF42D23468C5100FCEBFF /* ForceTouchesTask.app */;
			productType = "com.apple.product-type.application";
		};
/* End PBXNativeTarget section */

/* Begin PBXProject section */
		FAABF42523468C5100FCEBFF /* Project object */ = {
			isa = PBXProject;
			attributes = {
				LastSwiftUpdateCheck = 1030;
				LastUpgradeCheck = 1030;
				ORGANIZATIONNAME = prog_zidane;
				TargetAttributes = {
					FAABF42C23468C5100FCEBFF = {
						CreatedOnToolsVersion = 10.3;
					};
				};
			};
			buildConfigurationList = FAABF42823468C5100FCEBFF /* Build configuration list for PBXProject "ForceTouchesTask" */;
			compatibilityVersion = "Xcode 9.3";
			developmentRegion = en;
			hasScannedForEncodings = 0;
			knownRegions = (
				en,
				Base,
			);
			mainGroup = FAABF42423468C5100FCEBFF;
			productRefGroup = FAABF42E23468C5100FCEBFF /* Products */;
			projectDirPath = "";
			projectRoot = "";
			targets = (
				FAABF42C23468C5100FCEBFF /* ForceTouchesTask */,
			);
		};
/* End PBXProject section */

/* Begin PBXResourcesBuildPhase section */
		FAABF42B23468C5100FCEBFF /* Resources */ = {
			isa = PBXResourcesBuildPhase;
			buildActionMask = 2147483647;
			files = (
				FAABF43B23468C5300FCEBFF /* LaunchScreen.storyboard in Resources */,
				FAABF43823468C5300FCEBFF /* Assets.xcassets in Resources */,
				FAABF43623468C5100FCEBFF /* Main.storyboard in Resources */,
			);
			runOnlyForDeploymentPostprocessing = 0;
		};
/* End PBXResourcesBuildPhase section */

/* Begin PBXSourcesBuildPhase section */
		FAABF42923468C5100FCEBFF /* Sources */ = {
			isa = PBXSourcesBuildPhase;
			buildActionMask = 2147483647;
			files = (
				FAABF4592346B25D00FCEBFF /* ProfilePhotoCell.swift in Sources */,
				FAABF43323468C5100FCEBFF /* ProfileViewController.swift in Sources */,
				FAABF45B2346BBE500FCEBFF /* HelperExtionsions.swift in Sources */,
				FAABF43123468C5100FCEBFF /* AppDelegate.swift in Sources */,
			);
			runOnlyForDeploymentPostprocessing = 0;
		};
/* End PBXSourcesBuildPhase section */

/* Begin PBXVariantGroup section */
		FAABF43423468C5100FCEBFF /* Main.storyboard */ = {
			isa = PBXVariantGroup;
			children = (
				FAABF43523468C5100FCEBFF /* Base */,
			);
			name = Main.storyboard;
			sourceTree = "<group>";
		};
		FAABF43923468C5300FCEBFF /* LaunchScreen.storyboard */ = {
			isa = PBXVariantGroup;
			children = (
				FAABF43A23468C5300FCEBFF /* Base */,
			);
			name = LaunchScreen.storyboard;
			sourceTree = "<group>";
		};
/* End PBXVariantGroup section */

/* Begin XCBuildConfiguration section */
		FAABF43D23468C5300FCEBFF /* Debug */ = {
			isa = XCBuildConfiguration;
			buildSettings = {
				ALWAYS_SEARCH_USER_PATHS = NO;
				CLANG_ANALYZER_NONNULL = YES;
				CLANG_ANALYZER_NUMBER_OBJECT_CONVERSION = YES_AGGRESSIVE;
				CLANG_CXX_LANGUAGE_STANDARD = "gnu++14";
				CLANG_CXX_LIBRARY = "libc++";
				CLANG_ENABLE_MODULES = YES;
				CLANG_ENABLE_OBJC_ARC = YES;
				CLANG_ENABLE_OBJC_WEAK = YES;
				CLANG_WARN_BLOCK_CAPTURE_AUTORELEASING = YES;
				CLANG_WARN_BOOL_CONVERSION = YES;
				CLANG_WARN_COMMA = YES;
				CLANG_WARN_CONSTANT_CONVERSION = YES;
				CLANG_WARN_DEPRECATED_OBJC_IMPLEMENTATIONS = YES;
				CLANG_WARN_DIRECT_OBJC_ISA_USAGE = YES_ERROR;
				CLANG_WARN_DOCUMENTATION_COMMENTS = YES;
				CLANG_WARN_EMPTY_BODY = YES;
				CLANG_WARN_ENUM_CONVERSION = YES;
				CLANG_WARN_INFINITE_RECURSION = YES;
				CLANG_WARN_INT_CONVERSION = YES;
				CLANG_WARN_NON_LITERAL_NULL_CONVERSION = YES;
				CLANG_WARN_OBJC_IMPLICIT_RETAIN_SELF = YES;
				CLANG_WARN_OBJC_LITERAL_CONVERSION = YES;
				CLANG_WARN_OBJC_ROOT_CLASS = YES_ERROR;
				CLANG_WARN_RANGE_LOOP_ANALYSIS = YES;
				CLANG_WARN_STRICT_PROTOTYPES = YES;
				CLANG_WARN_SUSPICIOUS_MOVE = YES;
				CLANG_WARN_UNGUARDED_AVAILABILITY = YES_AGGRESSIVE;
				CLANG_WARN_UNREACHABLE_CODE = YES;
				CLANG_WARN__DUPLICATE_METHOD_MATCH = YES;
				CODE_SIGN_IDENTITY = "iPhone Developer";
				COPY_PHASE_STRIP = NO;
				DEBUG_INFORMATION_FORMAT = dwarf;
				ENABLE_STRICT_OBJC_MSGSEND = YES;
				ENABLE_TESTABILITY = YES;
				GCC_C_LANGUAGE_STANDARD = gnu11;
				GCC_DYNAMIC_NO_PIC = NO;
				GCC_NO_COMMON_BLOCKS = YES;
				GCC_OPTIMIZATION_LEVEL = 0;
				GCC_PREPROCESSOR_DEFINITIONS = (
					"DEBUG=1",
					"$(inherited)",
				);
				GCC_WARN_64_TO_32_BIT_CONVERSION = YES;
				GCC_WARN_ABOUT_RETURN_TYPE = YES_ERROR;
				GCC_WARN_UNDECLARED_SELECTOR = YES;
				GCC_WARN_UNINITIALIZED_AUTOS = YES_AGGRESSIVE;
				GCC_WARN_UNUSED_FUNCTION = YES;
				GCC_WARN_UNUSED_VARIABLE = YES;
				IPHONEOS_DEPLOYMENT_TARGET = 12.4;
				MTL_ENABLE_DEBUG_INFO = INCLUDE_SOURCE;
				MTL_FAST_MATH = YES;
				ONLY_ACTIVE_ARCH = YES;
				SDKROOT = iphoneos;
				SWIFT_ACTIVE_COMPILATION_CONDITIONS = DEBUG;
				SWIFT_OPTIMIZATION_LEVEL = "-Onone";
			};
			name = Debug;
		};
		FAABF43E23468C5300FCEBFF /* Release */ = {
			isa = XCBuildConfiguration;
			buildSettings = {
				ALWAYS_SEARCH_USER_PATHS = NO;
				CLANG_ANALYZER_NONNULL = YES;
				CLANG_ANALYZER_NUMBER_OBJECT_CONVERSION = YES_AGGRESSIVE;
				CLANG_CXX_LANGUAGE_STANDARD = "gnu++14";
				CLANG_CXX_LIBRARY = "libc++";
				CLANG_ENABLE_MODULES = YES;
				CLANG_ENABLE_OBJC_ARC = YES;
				CLANG_ENABLE_OBJC_WEAK = YES;
				CLANG_WARN_BLOCK_CAPTURE_AUTORELEASING = YES;
				CLANG_WARN_BOOL_CONVERSION = YES;
				CLANG_WARN_COMMA = YES;
				CLANG_WARN_CONSTANT_CONVERSION = YES;
				CLANG_WARN_DEPRECATED_OBJC_IMPLEMENTATIONS = YES;
				CLANG_WARN_DIRECT_OBJC_ISA_USAGE = YES_ERROR;
				CLANG_WARN_DOCUMENTATION_COMMENTS = YES;
				CLANG_WARN_EMPTY_BODY = YES;
				CLANG_WARN_ENUM_CONVERSION = YES;
				CLANG_WARN_INFINITE_RECURSION = YES;
				CLANG_WARN_INT_CONVERSION = YES;
				CLANG_WARN_NON_LITERAL_NULL_CONVERSION = YES;
				CLANG_WARN_OBJC_IMPLICIT_RETAIN_SELF = YES;
				CLANG_WARN_OBJC_LITERAL_CONVERSION = YES;
				CLANG_WARN_OBJC_ROOT_CLASS = YES_ERROR;
				CLANG_WARN_RANGE_LOOP_ANALYSIS = YES;
				CLANG_WARN_STRICT_PROTOTYPES = YES;
				CLANG_WARN_SUSPICIOUS_MOVE = YES;
				CLANG_WARN_UNGUARDED_AVAILABILITY = YES_AGGRESSIVE;
				CLANG_WARN_UNREACHABLE_CODE = YES;
				CLANG_WARN__DUPLICATE_METHOD_MATCH = YES;
				CODE_SIGN_IDENTITY = "iPhone Developer";
				COPY_PHASE_STRIP = NO;
				DEBUG_INFORMATION_FORMAT = "dwarf-with-dsym";
				ENABLE_NS_ASSERTIONS = NO;
				ENABLE_STRICT_OBJC_MSGSEND = YES;
				GCC_C_LANGUAGE_STANDARD = gnu11;
				GCC_NO_COMMON_BLOCKS = YES;
				GCC_WARN_64_TO_32_BIT_CONVERSION = YES;
				GCC_WARN_ABOUT_RETURN_TYPE = YES_ERROR;
				GCC_WARN_UNDECLARED_SELECTOR = YES;
				GCC_WARN_UNINITIALIZED_AUTOS = YES_AGGRESSIVE;
				GCC_WARN_UNUSED_FUNCTION = YES;
				GCC_WARN_UNUSED_VARIABLE = YES;
				IPHONEOS_DEPLOYMENT_TARGET = 12.4;
				MTL_ENABLE_DEBUG_INFO = NO;
				MTL_FAST_MATH = YES;
				SDKROOT = iphoneos;
				SWIFT_COMPILATION_MODE = wholemodule;
				SWIFT_OPTIMIZATION_LEVEL = "-O";
				VALIDATE_PRODUCT = YES;
			};
			name = Release;
		};
		FAABF44023468C5300FCEBFF /* Debug */ = {
			isa = XCBuildConfiguration;
			buildSettings = {
				ASSETCATALOG_COMPILER_APPICON_NAME = AppIcon;
				CODE_SIGN_STYLE = Automatic;
				DEVELOPMENT_TEAM = QX9AC3J6FG;
				INFOPLIST_FILE = ForceTouchesTask/Info.plist;
				LD_RUNPATH_SEARCH_PATHS = (
					"$(inherited)",
					"@executable_path/Frameworks",
				);
				PRODUCT_BUNDLE_IDENTIFIER = com.m.s.zidane.com.ForceTouchesTask;
				PRODUCT_NAME = "$(TARGET_NAME)";
				SWIFT_VERSION = 5.0;
				TARGETED_DEVICE_FAMILY = "1,2";
			};
			name = Debug;
		};
		FAABF44123468C5300FCEBFF /* Release */ = {
			isa = XCBuildConfiguration;
			buildSettings = {
				ASSETCATALOG_COMPILER_APPICON_NAME = AppIcon;
				CODE_SIGN_STYLE = Automatic;
				DEVELOPMENT_TEAM = QX9AC3J6FG;
				INFOPLIST_FILE = ForceTouchesTask/Info.plist;
				LD_RUNPATH_SEARCH_PATHS = (
					"$(inherited)",
					"@executable_path/Frameworks",
				);
				PRODUCT_BUNDLE_IDENTIFIER = com.m.s.zidane.com.ForceTouchesTask;
				PRODUCT_NAME = "$(TARGET_NAME)";
				SWIFT_VERSION = 5.0;
				TARGETED_DEVICE_FAMILY = "1,2";
			};
			name = Release;
		};
/* End XCBuildConfiguration section */

/* Begin XCConfigurationList section */
		FAABF42823468C5100FCEBFF /* Build configuration list for PBXProject "ForceTouchesTask" */ = {
			isa = XCConfigurationList;
			buildConfigurations = (
				FAABF43D23468C5300FCEBFF /* Debug */,
				FAABF43E23468C5300FCEBFF /* Release */,
			);
			defaultConfigurationIsVisible = 0;
			defaultConfigurationName = Release;
		};
		FAABF43F23468C5300FCEBFF /* Build configuration list for PBXNativeTarget "ForceTouchesTask" */ = {
			isa = XCConfigurationList;
			buildConfigurations = (
				FAABF44023468C5300FCEBFF /* Debug */,
				FAABF44123468C5300FCEBFF /* Release */,
			);
			defaultConfigurationIsVisible = 0;
			defaultConfigurationName = Release;
		};
/* End XCConfigurationList section */
	};
	rootObject = FAABF42523468C5100FCEBFF /* Project object */;
}
